
Microsoft Visual Studio Solution File, Format Version 12.00
Project("{FAE04EC0-301F-11D3-BF4B-00C04F79EFBC}") = "DInvoke.DynamicInvoke", "DInvoke.DynamicInvoke\DInvoke.DynamicInvoke.csproj", "{ADE0D0BB-A2A4-4058-8E36-0EC95123C13C}"
EndProject
Project("{FAE04EC0-301F-11D3-BF4B-00C04F79EFBC}") = "DInvoke.Data", "DInvoke.Data\DInvoke.Data.csproj", "{D233C115-243B-4BE2-A520-C4E74AD5E00E}"
EndProject
Project("{FAE04EC0-301F-11D3-BF4B-00C04F79EFBC}") = "DInvoke.ManualMap", "DInvoke.ManualMap\DInvoke.ManualMap.csproj", "{F71F41B0-56FE-4FA0-A4D9-1F9A9C31E09C}"
EndProject
Global
	GlobalSection(SolutionConfigurationPlatforms) = preSolution
		Debug|Any CPU = Debug|Any CPU
		Release|Any CPU = Release|Any CPU
	EndGlobalSection
	GlobalSection(ProjectConfigurationPlatforms) = postSolution
		{ADE0D0BB-A2A4-4058-8E36-0EC95123C13C}.Debug|Any CPU.ActiveCfg = Debug|Any CPU
		{ADE0D0BB-A2A4-4058-8E36-0EC95123C13C}.Debug|Any CPU.Build.0 = Debug|Any CPU
		{ADE0D0BB-A2A4-4058-8E36-0EC95123C13C}.Release|Any CPU.ActiveCfg = Release|Any CPU
		{ADE0D0BB-A2A4-4058-8E36-0EC95123C13C}.Release|Any CPU.Build.0 = Release|Any CPU
		{D233C115-243B-4BE2-A520-C4E74AD5E00E}.Debug|Any CPU.ActiveCfg = Debug|Any CPU
		{D233C115-243B-4BE2-A520-C4E74AD5E00E}.Debug|Any CPU.Build.0 = Debug|Any CPU
		{D233C115-243B-4BE2-A520-C4E74AD5E00E}.Release|Any CPU.ActiveCfg = Release|Any CPU
		{D233C115-243B-4BE2-A520-C4E74AD5E00E}.Release|Any CPU.Build.0 = Release|Any CPU
		{F71F41B0-56FE-4FA0-A4D9-1F9A9C31E09C}.Debug|Any CPU.ActiveCfg = Debug|Any CPU
		{F71F41B0-56FE-4FA0-A4D9-1F9A9C31E09C}.Debug|Any CPU.Build.0 = Debug|Any CPU
		{F71F41B0-56FE-4FA0-A4D9-1F9A9C31E09C}.Release|Any CPU.ActiveCfg = Release|Any CPU
		{F71F41B0-56FE-4FA0-A4D9-1F9A9C31E09C}.Release|Any CPU.Build.0 = Release|Any CPU
	EndGlobalSection
EndGlobal
